
Microsoft Visual Studio Solution File, Format Version 12.00
# Visual Studio Version 16
VisualStudioVersion = 16.0.30204.135
MinimumVisualStudioVersion = 10.0.40219.1
Project("{2150E333-8FDC-42A3-9474-1A3956D46DE8}") = "2 - Domain", "2 - Domain", "{DC4541CC-C2C8-49C9-A6BE-4E55B4953F18}"
EndProject
Project("{2150E333-8FDC-42A3-9474-1A3956D46DE8}") = "3 - Infrastructure", "3 - Infrastructure", "{52FF13B1-7A18-49B2-8D15-E8E3492EC06E}"
EndProject
Project("{FAE04EC0-301F-11D3-BF4B-00C04F79EFBC}") = "Infrastructure.Data", "Infrastructure.Data\Infrastructure.Data.csproj", "{C1028C90-03EA-43DC-8CCD-B48A84C34DFB}"
EndProject
Project("{FAE04EC0-301F-11D3-BF4B-00C04F79EFBC}") = "Domain.Model", "Domain.Model\Domain.Model.csproj", "{8F9ABC31-CB9E-4D23-A578-612312B89916}"
EndProject
Project("{2150E333-8FDC-42A3-9474-1A3956D46DE8}") = "1 - Application", "1 - Application", "{17ECE79E-CEBF-417E-B230-63315878FFC2}"
EndProject
Project("{FAE04EC0-301F-11D3-BF4B-00C04F79EFBC}") = "Application.WebApi", "Application.WebApi\Application.WebApi.csproj", "{7116501B-0672-4B75-ABDC-D6196105340E}"
EndProject
Global
	GlobalSection(SolutionConfigurationPlatforms) = preSolution
		Debug|Any CPU = Debug|Any CPU
		Release|Any CPU = Release|Any CPU
	EndGlobalSection
	GlobalSection(ProjectConfigurationPlatforms) = postSolution
		{C1028C90-03EA-43DC-8CCD-B48A84C34DFB}.Debug|Any CPU.ActiveCfg = Debug|Any CPU
		{C1028C90-03EA-43DC-8CCD-B48A84C34DFB}.Debug|Any CPU.Build.0 = Debug|Any CPU
		{C1028C90-03EA-43DC-8CCD-B48A84C34DFB}.Release|Any CPU.ActiveCfg = Release|Any CPU
		{C1028C90-03EA-43DC-8CCD-B48A84C34DFB}.Release|Any CPU.Build.0 = Release|Any CPU
		{8F9ABC31-CB9E-4D23-A578-612312B89916}.Debug|Any CPU.ActiveCfg = Debug|Any CPU
		{8F9ABC31-CB9E-4D23-A578-612312B89916}.Debug|Any CPU.Build.0 = Debug|Any CPU
		{8F9ABC31-CB9E-4D23-A578-612312B89916}.Release|Any CPU.ActiveCfg = Release|Any CPU
		{8F9ABC31-CB9E-4D23-A578-612312B89916}.Release|Any CPU.Build.0 = Release|Any CPU
		{7116501B-0672-4B75-ABDC-D6196105340E}.Debug|Any CPU.ActiveCfg = Debug|Any CPU
		{7116501B-0672-4B75-ABDC-D6196105340E}.Debug|Any CPU.Build.0 = Debug|Any CPU
		{7116501B-0672-4B75-ABDC-D6196105340E}.Release|Any CPU.ActiveCfg = Release|Any CPU
		{7116501B-0672-4B75-ABDC-D6196105340E}.Release|Any CPU.Build.0 = Release|Any CPU
	EndGlobalSection
	GlobalSection(SolutionProperties) = preSolution
		HideSolutionNode = FALSE
	EndGlobalSection
	GlobalSection(NestedProjects) = preSolution
		{C1028C90-03EA-43DC-8CCD-B48A84C34DFB} = {52FF13B1-7A18-49B2-8D15-E8E3492EC06E}
		{8F9ABC31-CB9E-4D23-A578-612312B89916} = {DC4541CC-C2C8-49C9-A6BE-4E55B4953F18}
		{7116501B-0672-4B75-ABDC-D6196105340E} = {17ECE79E-CEBF-417E-B230-63315878FFC2}
	EndGlobalSection
	GlobalSection(ExtensibilityGlobals) = postSolution
		SolutionGuid = {6E69A6D7-9916-4699-9050-67980B4DF0F9}
	EndGlobalSection
EndGlobal
