
Microsoft Visual Studio Solution File, Format Version 12.00
# Visual Studio Version 16
VisualStudioVersion = 16.0.30204.135
MinimumVisualStudioVersion = 10.0.40219.1
Project("{FAE04EC0-301F-11D3-BF4B-00C04F79EFBC}") = "Proffy.Application", "Proffy.Application\Proffy.Application.csproj", "{9A271A7E-D3CE-4A9A-A349-F0F6F1D31DDF}"
EndProject
Project("{FAE04EC0-301F-11D3-BF4B-00C04F79EFBC}") = "Proffy.Domain", "Proffy.Domain\Proffy.Domain.csproj", "{9338052A-87EC-4D06-BD1F-13C94A3F50BA}"
EndProject
Project("{2150E333-8FDC-42A3-9474-1A3956D46DE8}") = "ProffyApplication", "ProffyApplication", "{8B7C5D8B-84F6-4BAA-AA42-EA737EA962B9}"
EndProject
Project("{2150E333-8FDC-42A3-9474-1A3956D46DE8}") = "ProffyDomain", "ProffyDomain", "{DC4541CC-C2C8-49C9-A6BE-4E55B4953F18}"
EndProject
Global
	GlobalSection(SolutionConfigurationPlatforms) = preSolution
		Debug|Any CPU = Debug|Any CPU
		Release|Any CPU = Release|Any CPU
	EndGlobalSection
	GlobalSection(ProjectConfigurationPlatforms) = postSolution
		{9A271A7E-D3CE-4A9A-A349-F0F6F1D31DDF}.Debug|Any CPU.ActiveCfg = Debug|Any CPU
		{9A271A7E-D3CE-4A9A-A349-F0F6F1D31DDF}.Debug|Any CPU.Build.0 = Debug|Any CPU
		{9A271A7E-D3CE-4A9A-A349-F0F6F1D31DDF}.Release|Any CPU.ActiveCfg = Release|Any CPU
		{9A271A7E-D3CE-4A9A-A349-F0F6F1D31DDF}.Release|Any CPU.Build.0 = Release|Any CPU
		{9338052A-87EC-4D06-BD1F-13C94A3F50BA}.Debug|Any CPU.ActiveCfg = Debug|Any CPU
		{9338052A-87EC-4D06-BD1F-13C94A3F50BA}.Debug|Any CPU.Build.0 = Debug|Any CPU
		{9338052A-87EC-4D06-BD1F-13C94A3F50BA}.Release|Any CPU.ActiveCfg = Release|Any CPU
		{9338052A-87EC-4D06-BD1F-13C94A3F50BA}.Release|Any CPU.Build.0 = Release|Any CPU
	EndGlobalSection
	GlobalSection(SolutionProperties) = preSolution
		HideSolutionNode = FALSE
	EndGlobalSection
	GlobalSection(NestedProjects) = preSolution
		{9A271A7E-D3CE-4A9A-A349-F0F6F1D31DDF} = {8B7C5D8B-84F6-4BAA-AA42-EA737EA962B9}
		{9338052A-87EC-4D06-BD1F-13C94A3F50BA} = {DC4541CC-C2C8-49C9-A6BE-4E55B4953F18}
	EndGlobalSection
	GlobalSection(ExtensibilityGlobals) = postSolution
		SolutionGuid = {6E69A6D7-9916-4699-9050-67980B4DF0F9}
	EndGlobalSection
EndGlobal
